version = 1
revision = 3
requires-python = "==3.10.*"

[[package]]
name = "annotated-doc"
version = "0.0.4"
source = { registry = "https://pypi.org/simple" }
sdist = { url = "https://files.pythonhosted.org/packages/57/ba/046ceea27344560984e26a590f90bc7f4a75b06701f653222458922b558c/annotated_doc-0.0.4.tar.gz", hash = "sha256:fbcda96e87e9c92ad167c2e53839e57503ecfda18804ea28102353485033faa4", size = 7288, upload-time = "2025-11-10T22:07:42.062Z" }
wheels = [
    { url = "https://files.pythonhosted.org/packages/1e/d3/26bf1008eb3d2daa8ef4cacc7f3bfdc11818d111f7e2d0201bc6e3b49d45/annotated_doc-0.0.4-py3-none-any.whl", hash = "sha256:571ac1dc6991c450b25a9c2d84a3705e2ae7a53467b5d111c24fa8baabbed320", size = 5303, upload-time = "2025-11-10T22:07:40.673Z" },
]

[[package]]
name = "annotated-types"
version = "0.7.0"
source = { registry = "https://pypi.org/simple" }
sdist = { url = "https://files.pythonhosted.org/packages/ee/67/531ea369ba64dcff5ec9c3402f9f51bf748cec26dde048a2f973a4eea7f5/annotated_types-0.7.0.tar.gz", hash = "sha256:aff07c09a53a08bc8cfccb9c85b05f1aa9a2a6f23728d790723543408344ce89", size = 16081, upload-time = "2024-05-20T21:33:25.928Z" }
wheels = [
    { url = "https://files.pythonhosted.org/packages/78/b6/6307fbef88d9b5ee7421e68d78a9f162e0da4900bc5f5793f6d3d0e34fb8/annotated_types-0.7.0-py3-none-any.whl", hash = "sha256:1f02e8b43a8fbbc3f3e0d4f0f4bfc8131bcb4eebe8849b8e5c773f3a1c582a53", size = 13643, upload-time = "2024-05-20T21:33:24.1Z" },
]

[[package]]
name = "anyio"
version = "4.12.1"
source = { registry = "https://pypi.org/simple" }
dependencies = [
    { name = "exceptiongroup" },
    { name = "idna" },
    { name = "typing-extensions" },
]
sdist = { url = "https://files.pythonhosted.org/packages/96/f0/5eb65b2bb0d09ac6776f2eb54adee6abe8228ea05b20a5ad0e4945de8aac/anyio-4.12.1.tar.gz", hash = "sha256:41cfcc3a4c85d3f05c932da7c26d0201ac36f72abd4435ba90d0464a3ffed703", size = 228685, upload-time = "2026-01-06T11:45:21.246Z" }
wheels = [
    { url = "https://files.pythonhosted.org/packages/38/0e/27be9fdef66e72d64c0cdc3cc2823101b80585f8119b5c112c2e8f5f7dab/anyio-4.12.1-py3-none-any.whl", hash = "sha256:d405828884fc140aa80a3c667b8beed277f1dfedec42ba031bd6ac3db606ab6c", size = 113592, upload-time = "2026-01-06T11:45:19.497Z" },
]

[[package]]
name = "beautifulsoup4"
version = "4.15.0"
source = { registry = "https://pypi.org/simple" }
dependencies = [
    { name = "soupsieve" },
    { name = "typing-extensions" },
]
sdist = { url = "https://files.pythonhosted.org/packages/43/65/318323f98dbee45d42dff61d8f047181bc6f2268a9068cfad035a46be5af/beautifulsoup4-4.15.0.tar.gz", hash = "sha256:288e3ca7d54b06f2ac191970bc275c1939cb46d450b255bf6718b04aa37ab4f7", size = 632571, upload-time = "2026-06-07T16:44:20.453Z" }
wheels = [
    { url = "https://files.pythonhosted.org/packages/88/c6/92fcd42f1ba33e1184263f25bfabf3d27c383410470f169e4b8163bf9c17/beautifulsoup4-4.15.0-py3-none-any.whl", hash = "sha256:d6f88de62e1d4e38ecb1077eb9724cd0eff29d2a08ca16a401e9b9e93f117cf9", size = 109924, upload-time = "2026-06-07T16:44:21.566Z" },
]

[[package]]
name = "certifi"
version = "2026.2.25"
source = { registry = "https://pypi.org/simple" }
sdist = { url = "https://files.pythonhosted.org/packages/af/2d/7bf41579a8986e348fa033a31cdd0e4121114f6bce2457e8876010b092dd/certifi-2026.2.25.tar.gz", hash = "sha256:e887ab5cee78ea814d3472169153c2d12cd43b14bd03329a39a9c6e2e80bfba7", size = 155029, upload-time = "2026-02-25T02:54:17.342Z" }
wheels = [
    { url = "https://files.pythonhosted.org/packages/9a/3c/c17fb3ca2d9c3acff52e30b309f538586f9f5b9c9cf454f3845fc9af4881/certifi-2026.2.25-py3-none-any.whl", hash = "sha256:027692e4402ad994f1c42e52a4997a9763c646b73e4096e4d5d6db8af1d6f0fa", size = 153684, upload-time = "2026-02-25T02:54:15.766Z" },
]

[[package]]
name = "charset-normalizer"
version = "3.4.7"
source = { registry = "https://pypi.org/simple" }
sdist = { url = "https://files.pythonhosted.org/packages/e7/a1/67fe25fac3c7642725500a3f6cfe5821ad557c3abb11c9d20d12c7008d3e/charset_normalizer-3.4.7.tar.gz", hash = "sha256:ae89db9e5f98a11a4bf50407d4363e7b09b31e55bc117b4f7d80aab97ba009e5", size = 144271, upload-time = "2026-04-02T09:28:39.342Z" }
wheels = [
    { url = "https://files.pythonhosted.org/packages/26/08/0f303cb0b529e456bb116f2d50565a482694fbb94340bf56d44677e7ed03/charset_normalizer-3.4.7-cp310-cp310-macosx_10_9_universal2.whl", hash = "sha256:cdd68a1fb318e290a2077696b7eb7a21a49163c455979c639bf5a5dcdc46617d", size = 315182, upload-time = "2026-04-02T09:25:40.673Z" },
    { url = "https://files.pythonhosted.org/packages/24/47/b192933e94b546f1b1fe4df9cc1f84fcdbf2359f8d1081d46dd029b50207/charset_normalizer-3.4.7-cp310-cp310-manylinux2014_aarch64.manylinux_2_17_aarch64.manylinux_2_28_aarch64.whl", hash = "sha256:e17b8d5d6a8c47c85e68ca8379def1303fd360c3e22093a807cd34a71cd082b8", size = 209329, upload-time = "2026-04-02T09:25:42.354Z" },
    { url = "https://files.pythonhosted.org/packages/c2/b4/01fa81c5ca6141024d89a8fc15968002b71da7f825dd14113207113fabbd/charset_normalizer-3.4.7-cp310-cp310-manylinux2014_ppc64le.manylinux_2_17_ppc64le.manylinux_2_28_ppc64le.whl", hash = "sha256:511ef87c8aec0783e08ac18565a16d435372bc1ac25a91e6ac7f5ef2b0bff790", size = 231230, upload-time = "2026-04-02T09:25:44.281Z" },
    { url = "https://files.pythonhosted.org/packages/20/f7/7b991776844dfa058017e600e6e55ff01984a063290ca5622c0b63162f68/charset_normalizer-3.4.7-cp310-cp310-manylinux2014_s390x.manylinux_2_17_s390x.manylinux_2_28_s390x.whl", hash = "sha256:007d05ec7321d12a40227aae9e2bc6dca73f3cb21058999a1df9e193555a9dcc", size = 225890, upload-time = "2026-04-02T09:25:45.475Z" },
    { url = "https://files.pythonhosted.org/packages/20/e7/bed0024a0f4ab0c8a9c64d4445f39b30c99bd1acd228291959e3de664247/charset_normalizer-3.4.7-cp310-cp310-manylinux2014_x86_64.manylinux_2_17_x86_64.manylinux_2_28_x86_64.whl", hash = "sha256:cf29836da5119f3c8a8a70667b0ef5fdca3bb12f80fd06487cfa575b3909b393", size = 216930, upload-time = "2026-04-02T09:25:46.58Z" },
    { url = "https://files.pythonhosted.org/packages/e2/ab/b18f0ab31cdd7b3ddb8bb76c4a414aeb8160c9810fdf1bc62f269a539d87/charset_normalizer-3.4.7-cp310-cp310-manylinux_2_31_armv7l.whl", hash = "sha256:12d8baf840cc7889b37c7c770f478adea7adce3dcb3944d02ec87508e2dcf153", size = 202109, upload-time = "2026-04-02T09:25:48.031Z" },
    { url = "https://files.pythonhosted.org/packages/82/e5/7e9440768a06dfb3075936490cb82dbf0ee20a133bf0dd8551fa096914ec/charset_normalizer-3.4.7-cp310-cp310-manylinux_2_31_riscv64.manylinux_2_39_riscv64.whl", hash = "sha256:d560742f3c0d62afaccf9f41fe485ed69bd7661a241f86a3ef0f0fb8b1a397af", size = 214684, upload-time = "2026-04-02T09:25:49.245Z" },
    { url = "https://files.pythonhosted.org/packages/71/94/8c61d8da9f062fdf457c80acfa25060ec22bf1d34bbeaca4350f13bcfd07/charset_normalizer-3.4.7-cp310-cp310-musllinux_1_2_aarch64.whl", hash = "sha256:b14b2d9dac08e28bb8046a1a0434b1750eb221c8f5b87a68f4fa11a6f97b5e34", size = 212785, upload-time = "2026-04-02T09:25:50.671Z" },
    { url = "https://files.pythonhosted.org/packages/66/cd/6e9889c648e72c0ab2e5967528bb83508f354d706637bc7097190c874e13/charset_normalizer-3.4.7-cp310-cp310-musllinux_1_2_armv7l.whl", hash = "sha256:bc17a677b21b3502a21f66a8cc64f5bfad4df8a0b8434d661666f8ce90ac3af1", size = 203055, upload-time = "2026-04-02T09:25:51.802Z" },
    { url = "https://files.pythonhosted.org/packages/92/2e/7a951d6a08aefb7eb8e1b54cdfb580b1365afdd9dd484dc4bee9e5d8f258/charset_normalizer-3.4.7-cp310-cp310-musllinux_1_2_ppc64le.whl", hash = "sha256:750e02e074872a3fad7f233b47734166440af3cdea0add3e95163110816d6752", size = 232502, upload-time = "2026-04-02T09:25:53.388Z" },
    { url = "https://files.pythonhosted.org/packages/58/d5/abcf2d83bf8e0a1286df55cd0dc1d49af0da4282aa77e986df343e7de124/charset_normalizer-3.4.7-cp310-cp310-musllinux_1_2_riscv64.whl", hash = "sha256:4e5163c14bffd570ef2affbfdd77bba66383890797df43dc8b4cc7d6f500bf53", size = 214295, upload-time = "2026-04-02T09:25:54.765Z" },
    { url = "https://files.pythonhosted.org/packages/47/3a/7d4cd7ed54be99973a0dc176032cba5cb1f258082c31fa6df35cff46acfc/charset_normalizer-3.4.7-cp310-cp310-musllinux_1_2_s390x.whl", hash = "sha256:6ed74185b2db44f41ef35fd1617c5888e59792da9bbc9190d6c7300617182616", size = 227145, upload-time = "2026-04-02T09:25:55.904Z" },
    { url = "https://files.pythonhosted.org/packages/1d/98/3a45bf8247889cf28262ebd3d0872edff11565b2a1e3064ccb132db3fbb0/charset_normalizer-3.4.7-cp310-cp310-musllinux_1_2_x86_64.whl", hash = "sha256:94e1885b270625a9a828c9793b4d52a64445299baa1fea5a173bf1d3dd9a1a5a", size = 218884, upload-time = "2026-04-02T09:25:57.074Z" },
    { url = "https://files.pythonhosted.org/packages/ad/80/2e8b7f8915ed5c9ef13aa828d82738e33888c485b65ebf744d615040c7ea/charset_normalizer-3.4.7-cp310-cp310-win32.whl", hash = "sha256:6785f414ae0f3c733c437e0f3929197934f526d19dfaa75e18fdb4f94c6fb374", size = 148343, upload-time = "2026-04-02T09:25:58.199Z" },
    { url = "https://files.pythonhosted.org/packages/35/1b/3b8c8c77184af465ee9ad88b5aea46ea6b2e1f7b9dc9502891e37af21e30/charset_normalizer-3.4.7-cp310-cp310-win_amd64.whl", hash = "sha256:6696b7688f54f5af4462118f0bfa7c1621eeb87154f77fa04b9295ce7a8f2943", size = 159174, upload-time = "2026-04-02T09:25:59.322Z" },
    { url = "https://files.pythonhosted.org/packages/be/c1/feb40dca40dbb21e0a908801782d9288c64fc8d8e562c2098e9994c8c21b/charset_normalizer-3.4.7-cp310-cp310-win_arm64.whl", hash = "sha256:66671f93accb62ed07da56613636f3641f1a12c13046ce91ffc923721f23c008", size = 147805, upload-time = "2026-04-02T09:26:00.756Z" },
    { url = "https://files.pythonhosted.org/packages/db/8f/61959034484a4a7c527811f4721e75d02d653a35afb0b6054474d8185d4c/charset_normalizer-3.4.7-py3-none-any.whl", hash = "sha256:3dce51d0f5e7951f8bb4900c257dad282f49190fdbebecd4ba99bcc41fef404d", size = 61958, upload-time = "2026-04-02T09:28:37.794Z" },
]

[[package]]
name = "click"
version = "8.3.1"
source = { registry = "https://pypi.org/simple" }
dependencies = [
    { name = "colorama", marker = "sys_platform == 'win32'" },
]
sdist = { url = "https://files.pythonhosted.org/packages/3d/fa/656b739db8587d7b5dfa22e22ed02566950fbfbcdc20311993483657a5c0/click-8.3.1.tar.gz", hash = "sha256:12ff4785d337a1bb490bb7e9c2b1ee5da3112e94a8622f26a6c77f5d2fc6842a", size = 295065, upload-time = "2025-11-15T20:45:42.706Z" }
wheels = [
    { url = "https://files.pythonhosted.org/packages/98/78/01c019cdb5d6498122777c1a43056ebb3ebfeef2076d9d026bfe15583b2b/click-8.3.1-py3-none-any.whl", hash = "sha256:981153a64e25f12d547d3426c367a4857371575ee7ad18df2a6183ab0545b2a6", size = 108274, upload-time = "2025-11-15T20:45:41.139Z" },
]

[[package]]
name = "colorama"
version = "0.4.6"
source = { registry = "https://pypi.org/simple" }
sdist = { url = "https://files.pythonhosted.org/packages/d8/53/6f443c9a4a8358a93a6792e2acffb9d9d5cb0a5cfd8802644b7b1c9a02e4/colorama-0.4.6.tar.gz", hash = "sha256:08695f5cb7ed6e0531a20572697297273c47b8cae5a63ffc6d6ed5c201be6e44", size = 27697, upload-time = "2022-10-25T02:36:22.414Z" }
wheels = [
    { url = "https://files.pythonhosted.org/packages/d1/d6/3965ed04c63042e047cb6a3e6ed1a63a35087b6a609aa3a15ed8ac56c221/colorama-0.4.6-py2.py3-none-any.whl", hash = "sha256:4f1d9991f5acc0ca119f9d443620b77f9d6b33703e51011c16baf57afb285fc6", size = 25335, upload-time = "2022-10-25T02:36:20.889Z" },
]

[[package]]
name = "dynamic-lyrics"
version = "0.1.0"
source = { virtual = "." }
dependencies = [
    { name = "fastapi" },
    { name = "httpx" },
    { name = "pydantic" },
    { name = "python-multipart" },
    { name = "syncedlyrics" },
    { name = "uvicorn" },
]

[package.dev-dependencies]
dev = [
    { name = "pytest" },
]

[package.metadata]
requires-dist = [
    { name = "fastapi", specifier = ">=0.116.0" },
    { name = "httpx", specifier = ">=0.28.0" },
    { name = "pydantic", specifier = ">=2.11.0" },
    { name = "python-multipart", specifier = ">=0.0.20" },
    { name = "syncedlyrics", specifier = ">=1.0.1" },
    { name = "uvicorn", specifier = ">=0.35.0" },
]

[package.metadata.requires-dev]
dev = [{ name = "pytest", specifier = ">=8.4.0" }]

[[package]]
name = "exceptiongroup"
version = "1.3.1"
source = { registry = "https://pypi.org/simple" }
dependencies = [
    { name = "typing-extensions" },
]
sdist = { url = "https://files.pythonhosted.org/packages/50/79/66800aadf48771f6b62f7eb014e352e5d06856655206165d775e675a02c9/exceptiongroup-1.3.1.tar.gz", hash = "sha256:8b412432c6055b0b7d14c310000ae93352ed6754f70fa8f7c34141f91c4e3219", size = 30371, upload-time = "2025-11-21T23:01:54.787Z" }
wheels = [
    { url = "https://files.pythonhosted.org/packages/8a/0e/97c33bf5009bdbac74fd2beace167cab3f978feb69cc36f1ef79360d6c4e/exceptiongroup-1.3.1-py3-none-any.whl", hash = "sha256:a7a39a3bd276781e98394987d3a5701d0c4edffb633bb7a5144577f82c773598", size = 16740, upload-time = "2025-11-21T23:01:53.443Z" },
]

[[package]]
name = "fastapi"
version = "0.135.1"
source = { registry = "https://pypi.org/simple" }
dependencies = [
    { name = "annotated-doc" },
    { name = "pydantic" },
    { name = "starlette" },
    { name = "typing-extensions" },
    { name = "typing-inspection" },
]
sdist = { url = "https://files.pythonhosted.org/packages/e7/7b/f8e0211e9380f7195ba3f3d40c292594fd81ba8ec4629e3854c353aaca45/fastapi-0.135.1.tar.gz", hash = "sha256:d04115b508d936d254cea545b7312ecaa58a7b3a0f84952535b4c9afae7668cd", size = 394962, upload-time = "2026-03-01T18:18:29.369Z" }
wheels = [
    { url = "https://files.pythonhosted.org/packages/e4/72/42e900510195b23a56bde950d26a51f8b723846bfcaa0286e90287f0422b/fastapi-0.135.1-py3-none-any.whl", hash = "sha256:46e2fc5745924b7c840f71ddd277382af29ce1cdb7d5eab5bf697e3fb9999c9e", size = 116999, upload-time = "2026-03-01T18:18:30.831Z" },
]

[[package]]
name = "h11"
version = "0.16.0"
source = { registry = "https://pypi.org/simple" }
sdist = { url = "https://files.pythonhosted.org/packages/01/ee/02a2c011bdab74c6fb3c75474d40b3052059d95df7e73351460c8588d963/h11-0.16.0.tar.gz", hash = "sha256:4e35b956cf45792e4caa5885e69fba00bdbc6ffafbfa020300e549b208ee5ff1", size = 101250, upload-time = "2025-04-24T03:35:25.427Z" }
wheels = [
    { url = "https://files.pythonhosted.org/packages/04/4b/29cac41a4d98d144bf5f6d33995617b185d14b22401f75ca86f384e87ff1/h11-0.16.0-py3-none-any.whl", hash = "sha256:63cf8bbe7522de3bf65932fda1d9c2772064ffb3dae62d55932da54b31cb6c86", size = 37515, upload-time = "2025-04-24T03:35:24.344Z" },
]

[[package]]
name = "httpcore"
version = "1.0.9"
source = { registry = "https://pypi.org/simple" }
dependencies = [
    { name = "certifi" },
    { name = "h11" },
]
sdist = { url = "https://files.pythonhosted.org/packages/06/94/82699a10bca87a5556c9c59b5963f2d039dbd239f25bc2a63907a05a14cb/httpcore-1.0.9.tar.gz", hash = "sha256:6e34463af53fd2ab5d807f399a9b45ea31c3dfa2276f15a2c3f00afff6e176e8", size = 85484, upload-time = "2025-04-24T22:06:22.219Z" }
wheels = [
    { url = "https://files.pythonhosted.org/packages/7e/f5/f66802a942d491edb555dd61e3a9961140fd64c90bce1eafd741609d334d/httpcore-1.0.9-py3-none-any.whl", hash = "sha256:2d400746a40668fc9dec9810239072b40b4484b640a8c38fd654a024c7a1bf55", size = 78784, upload-time = "2025-04-24T22:06:20.566Z" },
]

[[package]]
name = "httpx"
version = "0.28.1"
source = { registry = "https://pypi.org/simple" }
dependencies = [
    { name = "anyio" },
    { name = "certifi" },
    { name = "httpcore" },
    { name = "idna" },
]
sdist = { url = "https://files.pythonhosted.org/packages/b1/df/48c586a5fe32a0f01324ee087459e112ebb7224f646c0b5023f5e79e9956/httpx-0.28.1.tar.gz", hash = "sha256:75e98c5f16b0f35b567856f597f06ff2270a374470a5c2392242528e3e3e42fc", size = 141406, upload-time = "2024-12-06T15:37:23.222Z" }
wheels = [
    { url = "https://files.pythonhosted.org/packages/2a/39/e50c7c3a983047577ee07d2a9e53faf5a69493943ec3f6a384bdc792deb2/httpx-0.28.1-py3-none-any.whl", hash = "sha256:d909fcccc110f8c7faf814ca82a9a4d816bc5a6dbfea25d6591d6985b8ba59ad", size = 73517, upload-time = "2024-12-06T15:37:21.509Z" },
]

[[package]]
name = "idna"
version = "3.11"
source = { registry = "https://pypi.org/simple" }
sdist = { url = "https://files.pythonhosted.org/packages/6f/6d/0703ccc57f3a7233505399edb88de3cbd678da106337b9fcde432b65ed60/idna-3.11.tar.gz", hash = "sha256:795dafcc9c04ed0c1fb032c2aa73654d8e8c5023a7df64a53f39190ada629902", size = 194582, upload-time = "2025-10-12T14:55:20.501Z" }
wheels = [
    { url = "https://files.pythonhosted.org/packages/0e/61/66938bbb5fc52dbdf84594873d5b51fb1f7c7794e9c0f5bd885f30bc507b/idna-3.11-py3-none-any.whl", hash = "sha256:771a87f49d9defaf64091e6e6fe9c18d4833f140bd19464795bc32d966ca37ea", size = 71008, upload-time = "2025-10-12T14:55:18.883Z" },
]

[[package]]
name = "iniconfig"
version = "2.3.0"
source = { registry = "https://pypi.org/simple" }
sdist = { url = "https://files.pythonhosted.org/packages/72/34/14ca021ce8e5dfedc35312d08ba8bf51fdd999c576889fc2c24cb97f4f10/iniconfig-2.3.0.tar.gz", hash = "sha256:c76315c77db068650d49c5b56314774a7804df16fee4402c1f19d6d15d8c4730", size = 20503, upload-time = "2025-10-18T21:55:43.219Z" }
wheels = [
    { url = "https://files.pythonhosted.org/packages/cb/b1/3846dd7f199d53cb17f49cba7e651e9ce294d8497c8c150530ed11865bb8/iniconfig-2.3.0-py3-none-any.whl", hash = "sha256:f631c04d2c48c52b84d0d0549c99ff3859c98df65b3101406327ecc7d53fbf12", size = 7484, upload-time = "2025-10-18T21:55:41.639Z" },
]

[[package]]
name = "packaging"
version = "26.0"
source = { registry = "https://pypi.org/simple" }
sdist = { url = "https://files.pythonhosted.org/packages/65/ee/299d360cdc32edc7d2cf530f3accf79c4fca01e96ffc950d8a52213bd8e4/packaging-26.0.tar.gz", hash = "sha256:00243ae351a257117b6a241061796684b084ed1c516a08c48a3f7e147a9d80b4", size = 143416, upload-time = "2026-01-21T20:50:39.064Z" }
wheels = [
    { url = "https://files.pythonhosted.org/packages/b7/b9/c538f279a4e237a006a2c98387d081e9eb060d203d8ed34467cc0f0b9b53/packaging-26.0-py3-none-any.whl", hash = "sha256:b36f1fef9334a5588b4166f8bcd26a14e521f2b55e6b9de3aaa80d3ff7a37529", size = 74366, upload-time = "2026-01-21T20:50:37.788Z" },
]

[[package]]
name = "pluggy"
version = "1.6.0"
source = { registry = "https://pypi.org/simple" }
sdist = { url = "https://files.pythonhosted.org/packages/f9/e2/3e91f31a7d2b083fe6ef3fa267035b518369d9511ffab804f839851d2779/pluggy-1.6.0.tar.gz", hash = "sha256:7dcc130b76258d33b90f61b658791dede3486c3e6bfb003ee5c9bfb396dd22f3", size = 69412, upload-time = "2025-05-15T12:30:07.975Z" }
wheels = [
    { url = "https://files.pythonhosted.org/packages/54/20/4d324d65cc6d9205fabedc306948156824eb9f0ee1633355a8f7ec5c66bf/pluggy-1.6.0-py3-none-any.whl", hash = "sha256:e920276dd6813095e9377c0bc5566d94c932c33b27a3e3945d8389c374dd4746", size = 20538, upload-time = "2025-05-15T12:30:06.134Z" },
]

[[package]]
name = "pydantic"
version = "2.12.5"
source = { registry = "https://pypi.org/simple" }
dependencies = [
    { name = "annotated-types" },
    { name = "pydantic-core" },
    { name = "typing-extensions" },
    { name = "typing-inspection" },
]
sdist = { url = "https://files.pythonhosted.org/packages/69/44/36f1a6e523abc58ae5f928898e4aca2e0ea509b5aa6f6f392a5d882be928/pydantic-2.12.5.tar.gz", hash = "sha256:4d351024c75c0f085a9febbb665ce8c0c6ec5d30e903bdb6394b7ede26aebb49", size = 821591, upload-time = "2025-11-26T15:11:46.471Z" }
wheels = [
    { url = "https://files.pythonhosted.org/packages/5a/87/b70ad306ebb6f9b585f114d0ac2137d792b48be34d732d60e597c2f8465a/pydantic-2.12.5-py3-none-any.whl", hash = "sha256:e561593fccf61e8a20fc46dfc2dfe075b8be7d0188df33f221ad1f0139180f9d", size = 463580, upload-time = "2025-11-26T15:11:44.605Z" },
]

[[package]]
name = "pydantic-core"
version = "2.41.5"
source = { registry = "https://pypi.org/simple" }
dependencies = [
    { name = "typing-extensions" },
]
sdist = { url = "https://files.pythonhosted.org/packages/71/70/23b021c950c2addd24ec408e9ab05d59b035b39d97cdc1130e1bce647bb6/pydantic_core-2.41.5.tar.gz", hash = "sha256:08daa51ea16ad373ffd5e7606252cc32f07bc72b28284b6bc9c6df804816476e", size = 460952, upload-time = "2025-11-04T13:43:49.098Z" }
wheels = [
    { url = "https://files.pythonhosted.org/packages/c6/90/32c9941e728d564b411d574d8ee0cf09b12ec978cb22b294995bae5549a5/pydantic_core-2.41.5-cp310-cp310-macosx_10_12_x86_64.whl", hash = "sha256:77b63866ca88d804225eaa4af3e664c5faf3568cea95360d21f4725ab6e07146", size = 2107298, upload-time = "2025-11-04T13:39:04.116Z" },
    { url = "https://files.pythonhosted.org/packages/fb/a8/61c96a77fe28993d9a6fb0f4127e05430a267b235a124545d79fea46dd65/pydantic_core-2.41.5-cp310-cp310-macosx_11_0_arm64.whl", hash = "sha256:dfa8a0c812ac681395907e71e1274819dec685fec28273a28905df579ef137e2", size = 1901475, upload-time = "2025-11-04T13:39:06.055Z" },
    { url = "https://files.pythonhosted.org/packages/5d/b6/338abf60225acc18cdc08b4faef592d0310923d19a87fba1faf05af5346e/pydantic_core-2.41.5-cp310-cp310-manylinux_2_17_aarch64.manylinux2014_aarch64.whl", hash = "sha256:5921a4d3ca3aee735d9fd163808f5e8dd6c6972101e4adbda9a4667908849b97", size = 1918815, upload-time = "2025-11-04T13:39:10.41Z" },
    { url = "https://files.pythonhosted.org/packages/d1/1c/2ed0433e682983d8e8cba9c8d8ef274d4791ec6a6f24c58935b90e780e0a/pydantic_core-2.41.5-cp310-cp310-manylinux_2_17_armv7l.manylinux2014_armv7l.whl", hash = "sha256:e25c479382d26a2a41b7ebea1043564a937db462816ea07afa8a44c0866d52f9", size = 2065567, upload-time = "2025-11-04T13:39:12.244Z" },
    { url = "https://files.pythonhosted.org/packages/b3/24/cf84974ee7d6eae06b9e63289b7b8f6549d416b5c199ca2d7ce13bbcf619/pydantic_core-2.41.5-cp310-cp310-manylinux_2_17_ppc64le.manylinux2014_ppc64le.whl", hash = "sha256:f547144f2966e1e16ae626d8ce72b4cfa0caedc7fa28052001c94fb2fcaa1c52", size = 2230442, upload-time = "2025-11-04T13:39:13.962Z" },
    { url = "https://files.pythonhosted.org/packages/fd/21/4e287865504b3edc0136c89c9c09431be326168b1eb7841911cbc877a995/pydantic_core-2.41.5-cp310-cp310-manylinux_2_17_s390x.manylinux2014_s390x.whl", hash = "sha256:6f52298fbd394f9ed112d56f3d11aabd0d5bd27beb3084cc3d8ad069483b8941", size = 2350956, upload-time = "2025-11-04T13:39:15.889Z" },
    { url = "https://files.pythonhosted.org/packages/a8/76/7727ef2ffa4b62fcab916686a68a0426b9b790139720e1934e8ba797e238/pydantic_core-2.41.5-cp310-cp310-manylinux_2_17_x86_64.manylinux2014_x86_64.whl", hash = "sha256:100baa204bb412b74fe285fb0f3a385256dad1d1879f0a5cb1499ed2e83d132a", size = 2068253, upload-time = "2025-11-04T13:39:17.403Z" },
    { url = "https://files.pythonhosted.org/packages/d5/8c/a4abfc79604bcb4c748e18975c44f94f756f08fb04218d5cb87eb0d3a63e/pydantic_core-2.41.5-cp310-cp310-manylinux_2_5_i686.manylinux1_i686.whl", hash = "sha256:05a2c8852530ad2812cb7914dc61a1125dc4e06252ee98e5638a12da6cc6fb6c", size = 2177050, upload-time = "2025-11-04T13:39:19.351Z" },
    { url = "https://files.pythonhosted.org/packages/67/b1/de2e9a9a79b480f9cb0b6e8b6ba4c50b18d4e89852426364c66aa82bb7b3/pydantic_core-2.41.5-cp310-cp310-musllinux_1_1_aarch64.whl", hash = "sha256:29452c56df2ed968d18d7e21f4ab0ac55e71dc59524872f6fc57dcf4a3249ed2", size = 2147178, upload-time = "2025-11-04T13:39:21Z" },
    { url = "https://files.pythonhosted.org/packages/16/c1/dfb33f837a47b20417500efaa0378adc6635b3c79e8369ff7a03c494b4ac/pydantic_core-2.41.5-cp310-cp310-musllinux_1_1_armv7l.whl", hash = "sha256:d5160812ea7a8a2ffbe233d8da666880cad0cbaf5d4de74ae15c313213d62556", size = 2341833, upload-time = "2025-11-04T13:39:22.606Z" },
    { url = "https://files.pythonhosted.org/packages/47/36/00f398642a0f4b815a9a558c4f1dca1b4020a7d49562807d7bc9ff279a6c/pydantic_core-2.41.5-cp310-cp310-musllinux_1_1_x86_64.whl", hash = "sha256:df3959765b553b9440adfd3c795617c352154e497a4eaf3752555cfb5da8fc49", size = 2321156, upload-time = "2025-11-04T13:39:25.843Z" },
    { url = "https://files.pythonhosted.org/packages/7e/70/cad3acd89fde2010807354d978725ae111ddf6d0ea46d1ea1775b5c1bd0c/pydantic_core-2.41.5-cp310-cp310-win32.whl", hash = "sha256:1f8d33a7f4d5a7889e60dc39856d76d09333d8a6ed0f5f1190635cbec70ec4ba", size = 1989378, upload-time = "2025-11-04T13:39:27.92Z" },
    { url = "https://files.pythonhosted.org/packages/76/92/d338652464c6c367e5608e4488201702cd1cbb0f33f7b6a85a60fe5f3720/pydantic_core-2.41.5-cp310-cp310-win_amd64.whl", hash = "sha256:62de39db01b8d593e45871af2af9e497295db8d73b085f6bfd0b18c83c70a8f9", size = 2013622, upload-time = "2025-11-04T13:39:29.848Z" },
    { url = "https://files.pythonhosted.org/packages/e6/b0/1a2aa41e3b5a4ba11420aba2d091b2d17959c8d1519ece3627c371951e73/pydantic_core-2.41.5-pp310-pypy310_pp73-macosx_10_12_x86_64.whl", hash = "sha256:b5819cd790dbf0c5eb9f82c73c16b39a65dd6dd4d1439dcdea7816ec9adddab8", size = 2103351, upload-time = "2025-11-04T13:43:02.058Z" },
    { url = "https://files.pythonhosted.org/packages/a4/ee/31b1f0020baaf6d091c87900ae05c6aeae101fa4e188e1613c80e4f1ea31/pydantic_core-2.41.5-pp310-pypy310_pp73-macosx_11_0_arm64.whl", hash = "sha256:5a4e67afbc95fa5c34cf27d9089bca7fcab4e51e57278d710320a70b956d1b9a", size = 1925363, upload-time = "2025-11-04T13:43:05.159Z" },
    { url = "https://files.pythonhosted.org/packages/e1/89/ab8e86208467e467a80deaca4e434adac37b10a9d134cd2f99b28a01e483/pydantic_core-2.41.5-pp310-pypy310_pp73-manylinux_2_17_x86_64.manylinux2014_x86_64.whl", hash = "sha256:ece5c59f0ce7d001e017643d8d24da587ea1f74f6993467d85ae8a5ef9d4f42b", size = 2135615, upload-time = "2025-11-04T13:43:08.116Z" },
    { url = "https://files.pythonhosted.org/packages/99/0a/99a53d06dd0348b2008f2f30884b34719c323f16c3be4e6cc1203b74a91d/pydantic_core-2.41.5-pp310-pypy310_pp73-manylinux_2_5_i686.manylinux1_i686.whl", hash = "sha256:16f80f7abe3351f8ea6858914ddc8c77e02578544a0ebc15b4c2e1a0e813b0b2", size = 2175369, upload-time = "2025-11-04T13:43:12.49Z" },
    { url = "https://files.pythonhosted.org/packages/6d/94/30ca3b73c6d485b9bb0bc66e611cff4a7138ff9736b7e66bcf0852151636/pydantic_core-2.41.5-pp310-pypy310_pp73-musllinux_1_1_aarch64.whl", hash = "sha256:33cb885e759a705b426baada1fe68cbb0a2e68e34c5d0d0289a364cf01709093", size = 2144218, upload-time = "2025-11-04T13:43:15.431Z" },
    { url = "https://files.pythonhosted.org/packages/87/57/31b4f8e12680b739a91f472b5671294236b82586889ef764b5fbc6669238/pydantic_core-2.41.5-pp310-pypy310_pp73-musllinux_1_1_armv7l.whl", hash = "sha256:c8d8b4eb992936023be7dee581270af5c6e0697a8559895f527f5b7105ecd36a", size = 2329951, upload-time = "2025-11-04T13:43:18.062Z" },
    { url = "https://files.pythonhosted.org/packages/7d/73/3c2c8edef77b8f7310e6fb012dbc4b8551386ed575b9eb6fb2506e28a7eb/pydantic_core-2.41.5-pp310-pypy310_pp73-musllinux_1_1_x86_64.whl", hash = "sha256:242a206cd0318f95cd21bdacff3fcc3aab23e79bba5cac3db5a841c9ef9c6963", size = 2318428, upload-time = "2025-11-04T13:43:20.679Z" },
    { url = "https://files.pythonhosted.org/packages/2f/02/8559b1f26ee0d502c74f9cca5c0d2fd97e967e083e006bbbb4e97f3a043a/pydantic_core-2.41.5-pp310-pypy310_pp73-win_amd64.whl", hash = "sha256:d3a978c4f57a597908b7e697229d996d77a6d3c94901e9edee593adada95ce1a", size = 2147009, upload-time = "2025-11-04T13:43:23.286Z" },
]

[[package]]
name = "pygments"
version = "2.19.2"
source = { registry = "https://pypi.org/simple" }
sdist = { url = "https://files.pythonhosted.org/packages/b0/77/a5b8c569bf593b0140bde72ea885a803b82086995367bf2037de0159d924/pygments-2.19.2.tar.gz", hash = "sha256:636cb2477cec7f8952536970bc533bc43743542f70392ae026374600add5b887", size = 4968631, upload-time = "2025-06-21T13:39:12.283Z" }
wheels = [
    { url = "https://files.pythonhosted.org/packages/c7/21/705964c7812476f378728bdf590ca4b771ec72385c533964653c68e86bdc/pygments-2.19.2-py3-none-any.whl", hash = "sha256:86540386c03d588bb81d44bc3928634ff26449851e99741617ecb9037ee5ec0b", size = 1225217, upload-time = "2025-06-21T13:39:07.939Z" },
]

[[package]]
name = "pytest"
version = "9.0.2"
source = { registry = "https://pypi.org/simple" }
dependencies = [
    { name = "colorama", marker = "sys_platform == 'win32'" },
    { name = "exceptiongroup" },
    { name = "iniconfig" },
    { name = "packaging" },
    { name = "pluggy" },
    { name = "pygments" },
    { name = "tomli" },
]
sdist = { url = "https://files.pythonhosted.org/packages/d1/db/7ef3487e0fb0049ddb5ce41d3a49c235bf9ad299b6a25d5780a89f19230f/pytest-9.0.2.tar.gz", hash = "sha256:75186651a92bd89611d1d9fc20f0b4345fd827c41ccd5c299a868a05d70edf11", size = 1568901, upload-time = "2025-12-06T21:30:51.014Z" }
wheels = [
    { url = "https://files.pythonhosted.org/packages/3b/ab/b3226f0bd7cdcf710fbede2b3548584366da3b19b5021e74f5bde2a8fa3f/pytest-9.0.2-py3-none-any.whl", hash = "sha256:711ffd45bf766d5264d487b917733b453d917afd2b0ad65223959f59089f875b", size = 374801, upload-time = "2025-12-06T21:30:49.154Z" },
]

[[package]]
name = "python-multipart"
version = "0.0.22"
source = { registry = "https://pypi.org/simple" }
sdist = { url = "https://files.pythonhosted.org/packages/94/01/979e98d542a70714b0cb2b6728ed0b7c46792b695e3eaec3e20711271ca3/python_multipart-0.0.22.tar.gz", hash = "sha256:7340bef99a7e0032613f56dc36027b959fd3b30a787ed62d310e951f7c3a3a58", size = 37612, upload-time = "2026-01-25T10:15:56.219Z" }
wheels = [
    { url = "https://files.pythonhosted.org/packages/1b/d0/397f9626e711ff749a95d96b7af99b9c566a9bb5129b8e4c10fc4d100304/python_multipart-0.0.22-py3-none-any.whl", hash = "sha256:2b2cd894c83d21bf49d702499531c7bafd057d730c201782048f7945d82de155", size = 24579, upload-time = "2026-01-25T10:15:54.811Z" },
]

[[package]]
name = "rapidfuzz"
version = "3.14.5"
source = { registry = "https://pypi.org/simple" }
sdist = { url = "https://files.pythonhosted.org/packages/2c/21/ef6157213316e85790041254259907eb722e00b03480256c0545d98acd33/rapidfuzz-3.14.5.tar.gz", hash = "sha256:ba10ac57884ce82112f7ed910b67e7fb6072d8ef2c06e30dc63c0f604a112e0e", size = 57901753, upload-time = "2026-04-07T11:16:31.931Z" }
wheels = [
    { url = "https://files.pythonhosted.org/packages/4f/b1/d6d6e7737fe3d0eb2ac2ac337686420d538f83f28495acc3cc32201c0dbf/rapidfuzz-3.14.5-cp310-cp310-macosx_10_9_x86_64.whl", hash = "sha256:071d96b957a33b9296b9284b6350a0fb6d030b154a04efd7c15e56b98b79a517", size = 1953508, upload-time = "2026-04-07T11:13:37.733Z" },
    { url = "https://files.pythonhosted.org/packages/2b/7b/94c1c953ac818bdd88b43213a9d38e4a41e953b786af3c3b2444d4a8f96d/rapidfuzz-3.14.5-cp310-cp310-macosx_11_0_arm64.whl", hash = "sha256:667f40fe9c81ad129b198d236881b00dd9e8314d9cc72d03c3e16bdfe5879051", size = 1160895, upload-time = "2026-04-07T11:13:39.278Z" },
    { url = "https://files.pythonhosted.org/packages/7f/60/a67a7ca7c2532c6c1a4b5cd797917780eed43798b82c98b6df734a086c95/rapidfuzz-3.14.5-cp310-cp310-manylinux_2_26_aarch64.manylinux_2_28_aarch64.whl", hash = "sha256:f9fff308486bbd2c8c24f25e8e152c7594d3fe8db265a2d6a1ce24d58671127f", size = 1382245, upload-time = "2026-04-07T11:13:41.054Z" },
    { url = "https://files.pythonhosted.org/packages/95/ff/a42c9ce9f9e90ceb5b51136e0b8e8e6e5113ba0b45d986effbd671e7dddf/rapidfuzz-3.14.5-cp310-cp310-manylinux_2_27_x86_64.manylinux_2_28_x86_64.whl", hash = "sha256:dfa552338f51aec280f17b02d28bace1e162d1a84ccd80e3339a57f98aedb56b", size = 3163974, upload-time = "2026-04-07T11:13:42.662Z" },
    { url = "https://files.pythonhosted.org/packages/e3/3c/11e2d41075e6e48b7dad373631b379b7e40491f71d5412c5a98d3c58f60f/rapidfuzz-3.14.5-cp310-cp310-manylinux_2_39_riscv64.whl", hash = "sha256:068b3e965ca9d9ee4debe40001ae7c3938ba646308afd33cf0c66618147db65c", size = 1475540, upload-time = "2026-04-07T11:13:44.687Z" },
    { url = "https://files.pythonhosted.org/packages/29/fa/09be143dcc22c79f09cf90168a574725dbda49f02cbbd55d0447da8bec86/rapidfuzz-3.14.5-cp310-cp310-musllinux_1_2_aarch64.whl", hash = "sha256:88b7d31ff1cc5e9bc0e4406e6b1fa00b6d37163d50bb58091e9b976ff1129faa", size = 2404128, upload-time = "2026-04-07T11:13:46.641Z" },
    { url = "https://files.pythonhosted.org/packages/32/f9/1aeb504cdcfde42881825e9c86f48238d4e01ba8a1530491e82eb17e5689/rapidfuzz-3.14.5-cp310-cp310-musllinux_1_2_riscv64.whl", hash = "sha256:eacb434410b8d9ca99a8d42352ef085cf423e3c76c1f0b86be2fcba3bff2952c", size = 2508455, upload-time = "2026-04-07T11:13:48.726Z" },
    { url = "https://files.pythonhosted.org/packages/10/8e/b1b5eed8d887a29b0e18fd3222c46ca60fddfb528e7e1c41267ce42d5522/rapidfuzz-3.14.5-cp310-cp310-musllinux_1_2_x86_64.whl", hash = "sha256:649712823f3abcdc48427147a5384fac15623ba435d0013959b52e6462521397", size = 4274060, upload-time = "2026-04-07T11:13:50.805Z" },
    { url = "https://files.pythonhosted.org/packages/e3/c4/7e5b0353693d4f47b8b0f96e941efc377cfb2034b67ef92d082ac4441a0f/rapidfuzz-3.14.5-cp310-cp310-win32.whl", hash = "sha256:13cb79c23ef5516e4c4e3830877be8b19aa75203636be1163d690d37803f6504", size = 1727457, upload-time = "2026-04-07T11:13:52.45Z" },
    { url = "https://files.pythonhosted.org/packages/d9/6e/f530a39b946fa71c009bc9c81fdb6b48a77bbc57ee8572ac0302b3bf6308/rapidfuzz-3.14.5-cp310-cp310-win_amd64.whl", hash = "sha256:f2073495a7f9b75e57e600747ac09510d67683fd64d3228e009740b7ef88f9fe", size = 1544657, upload-time = "2026-04-07T11:13:54.952Z" },
    { url = "https://files.pythonhosted.org/packages/bc/01/02fa075f9f59ff766d374fecbd042b3ac9782dcd5abc52d909a54f587eeb/rapidfuzz-3.14.5-cp310-cp310-win_arm64.whl", hash = "sha256:8166efddea49fdbc61185559f47593239e4794fd7c9044dd5a789d1a90af852d", size = 816587, upload-time = "2026-04-07T11:13:56.418Z" },
]

[[package]]
name = "requests"
version = "2.34.2"
source = { registry = "https://pypi.org/simple" }
dependencies = [
    { name = "certifi" },
    { name = "charset-normalizer" },
    { name = "idna" },
    { name = "urllib3" },
]
sdist = { url = "https://files.pythonhosted.org/packages/ac/c3/e2a2b89f2d3e2179abd6d00ebd70bff6273f37fb3e0cc209f48b39d00cbf/requests-2.34.2.tar.gz", hash = "sha256:f288924cae4e29463698d6d60bc6a4da69c89185ad1e0bcc4104f584e960b9ed", size = 142856, upload-time = "2026-05-14T19:25:27.735Z" }
wheels = [
    { url = "https://files.pythonhosted.org/packages/a0/f4/c67b0b3f1b9245e8d266f0f112c500d50e5b4e83cb6f3b71b6528104182a/requests-2.34.2-py3-none-any.whl", hash = "sha256:2a0d60c172f83ac6ab31e4554906c0f3b3588d37b5cb939b1c061f4907e278e0", size = 73075, upload-time = "2026-05-14T19:25:26.443Z" },
]

[[package]]
name = "soupsieve"
version = "2.8.4"
source = { registry = "https://pypi.org/simple" }
sdist = { url = "https://files.pythonhosted.org/packages/47/2c/0a5f6f8ee0d5589e48c7640213ed5175d52cf540a06725b628cc1a45d6ce/soupsieve-2.8.4.tar.gz", hash = "sha256:e121fd02e975c695e4e9e8774a5ee35d74714b59307868dcc5319ad2d9e3328e", size = 121110, upload-time = "2026-05-24T13:55:57.154Z" }
wheels = [
    { url = "https://files.pythonhosted.org/packages/5e/f5/0c41cb68dcae6b7de4fac4188a3a9589e21fb31df21ea3a2e888db95e6c9/soupsieve-2.8.4-py3-none-any.whl", hash = "sha256:e7e6b0769c8f51ed59acab6e994b00621096cfb1c640a7509295987388fbaf65", size = 37304, upload-time = "2026-05-24T13:55:55.406Z" },
]

[[package]]
name = "starlette"
version = "0.52.1"
source = { registry = "https://pypi.org/simple" }
dependencies = [
    { name = "anyio" },
    { name = "typing-extensions" },
]
sdist = { url = "https://files.pythonhosted.org/packages/c4/68/79977123bb7be889ad680d79a40f339082c1978b5cfcf62c2d8d196873ac/starlette-0.52.1.tar.gz", hash = "sha256:834edd1b0a23167694292e94f597773bc3f89f362be6effee198165a35d62933", size = 2653702, upload-time = "2026-01-18T13:34:11.062Z" }
wheels = [
    { url = "https://files.pythonhosted.org/packages/81/0d/13d1d239a25cbfb19e740db83143e95c772a1fe10202dda4b76792b114dd/starlette-0.52.1-py3-none-any.whl", hash = "sha256:0029d43eb3d273bc4f83a08720b4912ea4b071087a3b48db01b7c839f7954d74", size = 74272, upload-time = "2026-01-18T13:34:09.188Z" },
]

[[package]]
name = "syncedlyrics"
version = "1.0.1"
source = { registry = "https://pypi.org/simple" }
dependencies = [
    { name = "beautifulsoup4" },
    { name = "rapidfuzz" },
    { name = "requests" },
]
sdist = { url = "https://files.pythonhosted.org/packages/f1/7d/8b1d838a4c1a9fd9ed2dfd5296592e1090f935748cb3b4996e4efe531d5d/syncedlyrics-1.0.1.tar.gz", hash = "sha256:3db32469ed5a6dd5d96bb4eb16df44ba749121529b462efe0eb8b3df790f66b0", size = 13210, upload-time = "2024-07-28T09:42:14.582Z" }
wheels = [
    { url = "https://files.pythonhosted.org/packages/7f/ad/62d2a1cd2a251ea2d43185f2b98badb8acf97a42278ce424ea8a97d8f911/syncedlyrics-1.0.1-py3-none-any.whl", hash = "sha256:31ca4322311b454f969e837c7350ecbef241f705f2122ea0183a2902a1a3791a", size = 17971, upload-time = "2024-07-28T09:42:13.198Z" },
]

[[package]]
name = "tomli"
version = "2.4.0"
source = { registry = "https://pypi.org/simple" }
sdist = { url = "https://files.pythonhosted.org/packages/82/30/31573e9457673ab10aa432461bee537ce6cef177667deca369efb79df071/tomli-2.4.0.tar.gz", hash = "sha256:aa89c3f6c277dd275d8e243ad24f3b5e701491a860d5121f2cdd399fbb31fc9c", size = 17477, upload-time = "2026-01-11T11:22:38.165Z" }
wheels = [
    { url = "https://files.pythonhosted.org/packages/23/d1/136eb2cb77520a31e1f64cbae9d33ec6df0d78bdf4160398e86eec8a8754/tomli-2.4.0-py3-none-any.whl", hash = "sha256:1f776e7d669ebceb01dee46484485f43a4048746235e683bcdffacdf1fb4785a", size = 14477, upload-time = "2026-01-11T11:22:37.446Z" },
]

[[package]]
name = "typing-extensions"
version = "4.15.0"
source = { registry = "https://pypi.org/simple" }
sdist = { url = "https://files.pythonhosted.org/packages/72/94/1a15dd82efb362ac84269196e94cf00f187f7ed21c242792a923cdb1c61f/typing_extensions-4.15.0.tar.gz", hash = "sha256:0cea48d173cc12fa28ecabc3b837ea3cf6f38c6d1136f85cbaaf598984861466", size = 109391, upload-time = "2025-08-25T13:49:26.313Z" }
wheels = [
    { url = "https://files.pythonhosted.org/packages/18/67/36e9267722cc04a6b9f15c7f3441c2363321a3ea07da7ae0c0707beb2a9c/typing_extensions-4.15.0-py3-none-any.whl", hash = "sha256:f0fa19c6845758ab08074a0cfa8b7aecb71c999ca73d62883bc25cc018c4e548", size = 44614, upload-time = "2025-08-25T13:49:24.86Z" },
]

[[package]]
name = "typing-inspection"
version = "0.4.2"
source = { registry = "https://pypi.org/simple" }
dependencies = [
    { name = "typing-extensions" },
]
sdist = { url = "https://files.pythonhosted.org/packages/55/e3/70399cb7dd41c10ac53367ae42139cf4b1ca5f36bb3dc6c9d33acdb43655/typing_inspection-0.4.2.tar.gz", hash = "sha256:ba561c48a67c5958007083d386c3295464928b01faa735ab8547c5692e87f464", size = 75949, upload-time = "2025-10-01T02:14:41.687Z" }
wheels = [
    { url = "https://files.pythonhosted.org/packages/dc/9b/47798a6c91d8bdb567fe2698fe81e0c6b7cb7ef4d13da4114b41d239f65d/typing_inspection-0.4.2-py3-none-any.whl", hash = "sha256:4ed1cacbdc298c220f1bd249ed5287caa16f34d44ef4e9c3d0cbad5b521545e7", size = 14611, upload-time = "2025-10-01T02:14:40.154Z" },
]

[[package]]
name = "urllib3"
version = "2.7.0"
source = { registry = "https://pypi.org/simple" }
sdist = { url = "https://files.pythonhosted.org/packages/53/0c/06f8b233b8fd13b9e5ee11424ef85419ba0d8ba0b3138bf360be2ff56953/urllib3-2.7.0.tar.gz", hash = "sha256:231e0ec3b63ceb14667c67be60f2f2c40a518cb38b03af60abc813da26505f4c", size = 433602, upload-time = "2026-05-07T16:13:18.596Z" }
wheels = [
    { url = "https://files.pythonhosted.org/packages/7f/3e/5db95bcf282c52709639744ca2a8b149baccf648e39c8cc87553df9eae0c/urllib3-2.7.0-py3-none-any.whl", hash = "sha256:9fb4c81ebbb1ce9531cce37674bbc6f1360472bc18ca9a553ede278ef7276897", size = 131087, upload-time = "2026-05-07T16:13:17.151Z" },
]

[[package]]
name = "uvicorn"
version = "0.41.0"
source = { registry = "https://pypi.org/simple" }
dependencies = [
    { name = "click" },
    { name = "h11" },
    { name = "typing-extensions" },
]
sdist = { url = "https://files.pythonhosted.org/packages/32/ce/eeb58ae4ac36fe09e3842eb02e0eb676bf2c53ae062b98f1b2531673efdd/uvicorn-0.41.0.tar.gz", hash = "sha256:09d11cf7008da33113824ee5a1c6422d89fbc2ff476540d69a34c87fab8b571a", size = 82633, upload-time = "2026-02-16T23:07:24.1Z" }
wheels = [
    { url = "https://files.pythonhosted.org/packages/83/e4/d04a086285c20886c0daad0e026f250869201013d18f81d9ff5eada73a88/uvicorn-0.41.0-py3-none-any.whl", hash = "sha256:29e35b1d2c36a04b9e180d4007ede3bcb32a85fbdfd6c6aeb3f26839de088187", size = 68783, upload-time = "2026-02-16T23:07:22.357Z" },
]
